%{"exalgebra": {:hex, :exalgebra, "0.0.5", "73c5a6991f8e51f3eea42a966bbdcaa71b332aa742689e1becbe08991fe6f6e6", [:mix], [], "hexpm", "b84a96ffb7a2dd0c497f176c2e9d0ef07c719f09702d71fb8a801a3f2db1ab50"},
  "fs": {:hex, :fs, "0.9.2", "ed17036c26c3f70ac49781ed9220a50c36775c6ca2cf8182d123b6566e49ec59", [:rebar], [], "hexpm", "9a00246e8af58cdf465ae7c48fd6fd7ba2e43300413dfcc25447ecd3bf76f0c1"},
  "mix_test_watch": {:hex, :mix_test_watch, "0.4.1", "a98a84c795623f1ba020324f4354cf30e7120ba4dab65f9c2ae300f830a25f75", [:mix], [{:fs, "~> 0.9.1", [hex: :fs, repo: "hexpm", optional: false]}], "hexpm", "2b8d732595cf29b960328744fb46f5592d4b2605ce4f8bebdd12d0ab57d35a41"}}
